// !$*UTF8*$!
{
	archiveVersion = 1;
	classes = {
	};
	objectVersion = 48;
	objects = {

/* Begin PBXBuildFile section */
		D62860401FF37E9A007D421F /* AppDelegate.swift in Sources */ = {isa = PBXBuildFile; fileRef = D628603F1FF37E9A007D421F /* AppDelegate.swift */; };
		D62860421FF37E9A007D421F /* ViewController.swift in Sources */ = {isa = PBXBuildFile; fileRef = D62860411FF37E9A007D421F /* ViewController.swift */; };
		D62860451FF37E9A007D421F /* Main.storyboard in Resources */ = {isa = PBXBuildFile; fileRef = D62860431FF37E9A007D421F /* Main.storyboard */; };
		D62860471FF37E9A007D421F /* Assets.xcassets in Resources */ = {isa = PBXBuildFile; fileRef = D62860461FF37E9A007D421F /* Assets.xcassets */; };
		D628604A1FF37E9A007D421F /* LaunchScreen.storyboard in Resources */ = {isa = PBXBuildFile; fileRef = D62860481FF37E9A007D421F /* LaunchScreen.storyboard */; };
		D63029271FF38AA000B90E8E /* DetailViewController.swift in Sources */ = {isa = PBXBuildFile; fileRef = D63029261FF38AA000B90E8E /* DetailViewController.swift */; };
/* End PBXBuildFile section */

/* Begin PBXFileReference section */
		D628603C1FF37E9A007D421F /* TableViewWithSegue Practice.app */ = {isa = PBXFileReference; explicitFileType = wrapper.application; includeInIndex = 0; path = "TableViewWithSegue Practice.app"; sourceTree = BUILT_PRODUCTS_DIR; };
		D628603F1FF37E9A007D421F /* AppDelegate.swift */ = {isa = PBXFileReference; lastKnownFileType = sourcecode.swift; path = AppDelegate.swift; sourceTree = "<group>"; };
		D62860411FF37E9A007D421F /* ViewController.swift */ = {isa = PBXFileReference; lastKnownFileType = sourcecode.swift; path = ViewController.swift; sourceTree = "<group>"; };
		D62860441FF37E9A007D421F /* Base */ = {isa = PBXFileReference; lastKnownFileType = file.storyboard; name = Base; path = Base.lproj/Main.storyboard; sourceTree = "<group>"; };
		D62860461FF37E9A007D421F /* Assets.xcassets */ = {isa = PBXFileReference; lastKnownFileType = folder.assetcatalog; path = Assets.xcassets; sourceTree = "<group>"; };
		D62860491FF37E9A007D421F /* Base */ = {isa = PBXFileReference; lastKnownFileType = file.storyboard; name = Base; path = Base.lproj/LaunchScreen.storyboard; sourceTree = "<group>"; };
		D628604B1FF37E9A007D421F /* Info.plist */ = {isa = PBXFileReference; lastKnownFileType = text.plist.xml; path = Info.plist; sourceTree = "<group>"; };
		D63029261FF38AA000B90E8E /* DetailViewController.swift */ = {isa = PBXFileReference; lastKnownFileType = sourcecode.swift; path = DetailViewController.swift; sourceTree = "<group>"; };
/* End PBXFileReference section */

/* Begin PBXFrameworksBuildPhase section */
		D62860391FF37E9A007D421F /* Frameworks */ = {
			isa = PBXFrameworksBuildPhase;
			buildActionMask = 2147483647;
			files = (
			);
			runOnlyForDeploymentPostprocessing = 0;
		};
/* End PBXFrameworksBuildPhase section */

/* Begin PBXGroup section */
		D62860331FF37E9A007D421F = {
			isa = PBXGroup;
			children = (
				D628603E1FF37E9A007D421F /* TableViewWithSegue Practice */,
				D628603D1FF37E9A007D421F /* Products */,
			);
			sourceTree = "<group>";
		};
		D628603D1FF37E9A007D421F /* Products */ = {
			isa = PBXGroup;
			children = (
				D628603C1FF37E9A007D421F /* TableViewWithSegue Practice.app */,
			);
			name = Products;
			sourceTree = "<group>";
		};
		D628603E1FF37E9A007D421F /* TableViewWithSegue Practice */ = {
			isa = PBXGroup;
			children = (
				D628603F1FF37E9A007D421F /* AppDelegate.swift */,
				D62860411FF37E9A007D421F /* ViewController.swift */,
				D62860431FF37E9A007D421F /* Main.storyboard */,
				D63029261FF38AA000B90E8E /* DetailViewController.swift */,
				D62860461FF37E9A007D421F /* Assets.xcassets */,
				D62860481FF37E9A007D421F /* LaunchScreen.storyboard */,
				D628604B1FF37E9A007D421F /* Info.plist */,
			);
			path = "TableViewWithSegue Practice";
			sourceTree = "<group>";
		};
/* End PBXGroup section */

/* Begin PBXNativeTarget section */
		D628603B1FF37E9A007D421F /* TableViewWithSegue Practice */ = {
			isa = PBXNativeTarget;
			buildConfigurationList = D628604E1FF37E9A007D421F /* Build configuration list for PBXNativeTarget "TableViewWithSegue Practice" */;
			buildPhases = (
				D62860381FF37E9A007D421F /* Sources */,
				D62860391FF37E9A007D421F /* Frameworks */,
				D628603A1FF37E9A007D421F /* Resources */,
			);
			buildRules = (
			);
			dependencies = (
			);
			name = "TableViewWithSegue Practice";
			productName = "TableViewWithSegue Practice";
			productReference = D628603C1FF37E9A007D421F /* TableViewWithSegue Practice.app */;
			productType = "com.apple.product-type.application";
		};
/* End PBXNativeTarget section */

/* Begin PBXProject section */
		D62860341FF37E9A007D421F /* Project object */ = {
			isa = PBXProject;
			attributes = {
				LastSwiftUpdateCheck = 0920;
				LastUpgradeCheck = 0920;
				ORGANIZATIONNAME = EthanLin;
				TargetAttributes = {
					D628603B1FF37E9A007D421F = {
						CreatedOnToolsVersion = 9.2;
						ProvisioningStyle = Automatic;
					};
				};
			};
			buildConfigurationList = D62860371FF37E9A007D421F /* Build configuration list for PBXProject "TableViewWithSegue Practice" */;
			compatibilityVersion = "Xcode 8.0";
			developmentRegion = en;
			hasScannedForEncodings = 0;
			knownRegions = (
				en,
				Base,
			);
			mainGroup = D62860331FF37E9A007D421F;
			productRefGroup = D628603D1FF37E9A007D421F /* Products */;
			projectDirPath = "";
			projectRoot = "";
			targets = (
				D628603B1FF37E9A007D421F /* TableViewWithSegue Practice */,
			);
		};
/* End PBXProject section */

/* Begin PBXResourcesBuildPhase section */
		D628603A1FF37E9A007D421F /* Resources */ = {
			isa = PBXResourcesBuildPhase;
			buildActionMask = 2147483647;
			files = (
				D628604A1FF37E9A007D421F /* LaunchScreen.storyboard in Resources */,
				D62860471FF37E9A007D421F /* Assets.xcassets in Resources */,
				D62860451FF37E9A007D421F /* Main.storyboard in Resources */,
			);
			runOnlyForDeploymentPostprocessing = 0;
		};
/* End PBXResourcesBuildPhase section */

/* Begin PBXSourcesBuildPhase section */
		D62860381FF37E9A007D421F /* Sources */ = {
			isa = PBXSourcesBuildPhase;
			buildActionMask = 2147483647;
			files = (
				D63029271FF38AA000B90E8E /* DetailViewController.swift in Sources */,
				D62860421FF37E9A007D421F /* ViewController.swift in Sources */,
				D62860401FF37E9A007D421F /* AppDelegate.swift in Sources */,
			);
			runOnlyForDeploymentPostprocessing = 0;
		};
/* End PBXSourcesBuildPhase section */

/* Begin PBXVariantGroup section */
		D62860431FF37E9A007D421F /* Main.storyboard */ = {
			isa = PBXVariantGroup;
			children = (
				D62860441FF37E9A007D421F /* Base */,
			);
			name = Main.storyboard;
			sourceTree = "<group>";
		};
		D62860481FF37E9A007D421F /* LaunchScreen.storyboard */ = {
			isa = PBXVariantGroup;
			children = (
				D62860491FF37E9A007D421F /* Base */,
			);
			name = LaunchScreen.storyboard;
			sourceTree = "<group>";
		};
/* End PBXVariantGroup section */

/* Begin XCBuildConfiguration section */
		D628604C1FF37E9A007D421F /* Debug */ = {
			isa = XCBuildConfiguration;
			buildSettings = {
				ALWAYS_SEARCH_USER_PATHS = NO;
				CLANG_ANALYZER_NONNULL = YES;
				CLANG_ANALYZER_NUMBER_OBJECT_CONVERSION = YES_AGGRESSIVE;
				CLANG_CXX_LANGUAGE_STANDARD = "gnu++14";
				CLANG_CXX_LIBRARY = "libc++";
				CLANG_ENABLE_MODULES = YES;
				CLANG_ENABLE_OBJC_ARC = YES;
				CLANG_WARN_BLOCK_CAPTURE_AUTORELEASING = YES;
				CLANG_WARN_BOOL_CONVERSION = YES;
				CLANG_WARN_COMMA = YES;
				CLANG_WARN_CONSTANT_CONVERSION = YES;
				CLANG_WARN_DIRECT_OBJC_ISA_USAGE = YES_ERROR;
				CLANG_WARN_DOCUMENTATION_COMMENTS = YES;
				CLANG_WARN_EMPTY_BODY = YES;
				CLANG_WARN_ENUM_CONVERSION = YES;
				CLANG_WARN_INFINITE_RECURSION = YES;
				CLANG_WARN_INT_CONVERSION = YES;
				CLANG_WARN_NON_LITERAL_NULL_CONVERSION = YES;
				CLANG_WARN_OBJC_LITERAL_CONVERSION = YES;
				CLANG_WARN_OBJC_ROOT_CLASS = YES_ERROR;
				CLANG_WARN_RANGE_LOOP_ANALYSIS = YES;
				CLANG_WARN_STRICT_PROTOTYPES = YES;
				CLANG_WARN_SUSPICIOUS_MOVE = YES;
				CLANG_WARN_UNGUARDED_AVAILABILITY = YES_AGGRESSIVE;
				CLANG_WARN_UNREACHABLE_CODE = YES;
				CLANG_WARN__DUPLICATE_METHOD_MATCH = YES;
				CODE_SIGN_IDENTITY = "iPhone Developer";
				COPY_PHASE_STRIP = NO;
				DEBUG_INFORMATION_FORMAT = dwarf;
				ENABLE_STRICT_OBJC_MSGSEND = YES;
				ENABLE_TESTABILITY = YES;
				GCC_C_LANGUAGE_STANDARD = gnu11;
				GCC_DYNAMIC_NO_PIC = NO;
				GCC_NO_COMMON_BLOCKS = YES;
				GCC_OPTIMIZATION_LEVEL = 0;
				GCC_PREPROCESSOR_DEFINITIONS = (
					"DEBUG=1",
					"$(inherited)",
				);
				GCC_WARN_64_TO_32_BIT_CONVERSION = YES;
				GCC_WARN_ABOUT_RETURN_TYPE = YES_ERROR;
				GCC_WARN_UNDECLARED_SELECTOR = YES;
				GCC_WARN_UNINITIALIZED_AUTOS = YES_AGGRESSIVE;
				GCC_WARN_UNUSED_FUNCTION = YES;
				GCC_WARN_UNUSED_VARIABLE = YES;
				IPHONEOS_DEPLOYMENT_TARGET = 11.2;
				MTL_ENABLE_DEBUG_INFO = YES;
				ONLY_ACTIVE_ARCH = YES;
				SDKROOT = iphoneos;
				SWIFT_ACTIVE_COMPILATION_CONDITIONS = DEBUG;
				SWIFT_OPTIMIZATION_LEVEL = "-Onone";
			};
			name = Debug;
		};
		D628604D1FF37E9A007D421F /* Release */ = {
			isa = XCBuildConfiguration;
			buildSettings = {
				ALWAYS_SEARCH_USER_PATHS = NO;
				CLANG_ANALYZER_NONNULL = YES;
				CLANG_ANALYZER_NUMBER_OBJECT_CONVERSION = YES_AGGRESSIVE;
				CLANG_CXX_LANGUAGE_STANDARD = "gnu++14";
				CLANG_CXX_LIBRARY = "libc++";
				CLANG_ENABLE_MODULES = YES;
				CLANG_ENABLE_OBJC_ARC = YES;
				CLANG_WARN_BLOCK_CAPTURE_AUTORELEASING = YES;
				CLANG_WARN_BOOL_CONVERSION = YES;
				CLANG_WARN_COMMA = YES;
				CLANG_WARN_CONSTANT_CONVERSION = YES;
				CLANG_WARN_DIRECT_OBJC_ISA_USAGE = YES_ERROR;
				CLANG_WARN_DOCUMENTATION_COMMENTS = YES;
				CLANG_WARN_EMPTY_BODY = YES;
				CLANG_WARN_ENUM_CONVERSION = YES;
				CLANG_WARN_INFINITE_RECURSION = YES;
				CLANG_WARN_INT_CONVERSION = YES;
				CLANG_WARN_NON_LITERAL_NULL_CONVERSION = YES;
				CLANG_WARN_OBJC_LITERAL_CONVERSION = YES;
				CLANG_WARN_OBJC_ROOT_CLASS = YES_ERROR;
				CLANG_WARN_RANGE_LOOP_ANALYSIS = YES;
				CLANG_WARN_STRICT_PROTOTYPES = YES;
				CLANG_WARN_SUSPICIOUS_MOVE = YES;
				CLANG_WARN_UNGUARDED_AVAILABILITY = YES_AGGRESSIVE;
				CLANG_WARN_UNREACHABLE_CODE = YES;
				CLANG_WARN__DUPLICATE_METHOD_MATCH = YES;
				CODE_SIGN_IDENTITY = "iPhone Developer";
				COPY_PHASE_STRIP = NO;
				DEBUG_INFORMATION_FORMAT = "dwarf-with-dsym";
				ENABLE_NS_ASSERTIONS = NO;
				ENABLE_STRICT_OBJC_MSGSEND = YES;
				GCC_C_LANGUAGE_STANDARD = gnu11;
				GCC_NO_COMMON_BLOCKS = YES;
				GCC_WARN_64_TO_32_BIT_CONVERSION = YES;
				GCC_WARN_ABOUT_RETURN_TYPE = YES_ERROR;
				GCC_WARN_UNDECLARED_SELECTOR = YES;
				GCC_WARN_UNINITIALIZED_AUTOS = YES_AGGRESSIVE;
				GCC_WARN_UNUSED_FUNCTION = YES;
				GCC_WARN_UNUSED_VARIABLE = YES;
				IPHONEOS_DEPLOYMENT_TARGET = 11.2;
				MTL_ENABLE_DEBUG_INFO = NO;
				SDKROOT = iphoneos;
				SWIFT_OPTIMIZATION_LEVEL = "-Owholemodule";
				VALIDATE_PRODUCT = YES;
			};
			name = Release;
		};
		D628604F1FF37E9A007D421F /* Debug */ = {
			isa = XCBuildConfiguration;
			buildSettings = {
				ASSETCATALOG_COMPILER_APPICON_NAME = AppIcon;
				CODE_SIGN_STYLE = Automatic;
				DEVELOPMENT_TEAM = 47R4BK8PQH;
				INFOPLIST_FILE = "TableViewWithSegue Practice/Info.plist";
				LD_RUNPATH_SEARCH_PATHS = "$(inherited) @executable_path/Frameworks";
				PRODUCT_BUNDLE_IDENTIFIER = "com.ethan510010.TableViewWithSegue-Practice";
				PRODUCT_NAME = "$(TARGET_NAME)";
				SWIFT_VERSION = 4.0;
				TARGETED_DEVICE_FAMILY = "1,2";
			};
			name = Debug;
		};
		D62860501FF37E9A007D421F /* Release */ = {
			isa = XCBuildConfiguration;
			buildSettings = {
				ASSETCATALOG_COMPILER_APPICON_NAME = AppIcon;
				CODE_SIGN_STYLE = Automatic;
				DEVELOPMENT_TEAM = 47R4BK8PQH;
				INFOPLIST_FILE = "TableViewWithSegue Practice/Info.plist";
				LD_RUNPATH_SEARCH_PATHS = "$(inherited) @executable_path/Frameworks";
				PRODUCT_BUNDLE_IDENTIFIER = "com.ethan510010.TableViewWithSegue-Practice";
				PRODUCT_NAME = "$(TARGET_NAME)";
				SWIFT_VERSION = 4.0;
				TARGETED_DEVICE_FAMILY = "1,2";
			};
			name = Release;
		};
/* End XCBuildConfiguration section */

/* Begin XCConfigurationList section */
		D62860371FF37E9A007D421F /* Build configuration list for PBXProject "TableViewWithSegue Practice" */ = {
			isa = XCConfigurationList;
			buildConfigurations = (
				D628604C1FF37E9A007D421F /* Debug */,
				D628604D1FF37E9A007D421F /* Release */,
			);
			defaultConfigurationIsVisible = 0;
			defaultConfigurationName = Release;
		};
		D628604E1FF37E9A007D421F /* Build configuration list for PBXNativeTarget "TableViewWithSegue Practice" */ = {
			isa = XCConfigurationList;
			buildConfigurations = (
				D628604F1FF37E9A007D421F /* Debug */,
				D62860501FF37E9A007D421F /* Release */,
			);
			defaultConfigurationIsVisible = 0;
			defaultConfigurationName = Release;
		};
/* End XCConfigurationList section */
	};
	rootObject = D62860341FF37E9A007D421F /* Project object */;
}
